
Microsoft Visual Studio Solution File, Format Version 12.00
# Visual Studio Version 17
VisualStudioVersion = 17.4.33103.184
MinimumVisualStudioVersion = 10.0.40219.1
Project("{FAE04EC0-301F-11D3-BF4B-00C04F79EFBC}") = "Bibliotek2023", "Bibliotek2023\Bibliotek2023.csproj", "{609782D5-0B2D-491E-BDEE-92CC2B23D0E8}"
EndProject
Global
	GlobalSection(SolutionConfigurationPlatforms) = preSolution
		Debug|Any CPU = Debug|Any CPU
		Release|Any CPU = Release|Any CPU
	EndGlobalSection
	GlobalSection(ProjectConfigurationPlatforms) = postSolution
		{609782D5-0B2D-491E-BDEE-92CC2B23D0E8}.Debug|Any CPU.ActiveCfg = Debug|Any CPU
		{609782D5-0B2D-491E-BDEE-92CC2B23D0E8}.Debug|Any CPU.Build.0 = Debug|Any CPU
		{609782D5-0B2D-491E-BDEE-92CC2B23D0E8}.Release|Any CPU.ActiveCfg = Release|Any CPU
		{609782D5-0B2D-491E-BDEE-92CC2B23D0E8}.Release|Any CPU.Build.0 = Release|Any CPU
	EndGlobalSection
	GlobalSection(SolutionProperties) = preSolution
		HideSolutionNode = FALSE
	EndGlobalSection
	GlobalSection(ExtensibilityGlobals) = postSolution
		SolutionGuid = {C910F6D4-BA87-4082-869D-FDBC959FDE54}
	EndGlobalSection
EndGlobal
